
Microsoft Visual Studio Solution File, Format Version 12.00
# Visual Studio Version 17
VisualStudioVersion = 17.11.35208.52
MinimumVisualStudioVersion = 10.0.40219.1
Project("{FAE04EC0-301F-11D3-BF4B-00C04F79EFBC}") = "JGomezcoelloExamenProgreso2", "JGomezcoelloExamenProgreso2\JGomezcoelloExamenProgreso2.csproj", "{744FDF1E-C781-4908-85B4-7CEA3055F429}"
EndProject
Global
	GlobalSection(SolutionConfigurationPlatforms) = preSolution
		Debug|Any CPU = Debug|Any CPU
		Release|Any CPU = Release|Any CPU
	EndGlobalSection
	GlobalSection(ProjectConfigurationPlatforms) = postSolution
		{744FDF1E-C781-4908-85B4-7CEA3055F429}.Debug|Any CPU.ActiveCfg = Debug|Any CPU
		{744FDF1E-C781-4908-85B4-7CEA3055F429}.Debug|Any CPU.Build.0 = Debug|Any CPU
		{744FDF1E-C781-4908-85B4-7CEA3055F429}.Debug|Any CPU.Deploy.0 = Debug|Any CPU
		{744FDF1E-C781-4908-85B4-7CEA3055F429}.Release|Any CPU.ActiveCfg = Release|Any CPU
		{744FDF1E-C781-4908-85B4-7CEA3055F429}.Release|Any CPU.Build.0 = Release|Any CPU
		{744FDF1E-C781-4908-85B4-7CEA3055F429}.Release|Any CPU.Deploy.0 = Release|Any CPU
	EndGlobalSection
	GlobalSection(SolutionProperties) = preSolution
		HideSolutionNode = FALSE
	EndGlobalSection
	GlobalSection(ExtensibilityGlobals) = postSolution
		SolutionGuid = {A91FF579-39BA-4979-AB9D-9F35348072A3}
	EndGlobalSection
EndGlobal
